
Microsoft Visual Studio Solution File, Format Version 12.00
# Visual Studio Version 17
VisualStudioVersion = 17.3.32825.248
MinimumVisualStudioVersion = 10.0.40219.1
Project("{FAE04EC0-301F-11D3-BF4B-00C04F79EFBC}") = "drc", "drc.csproj", "{6B74AAC8-2A03-4082-BB3F-32BE2238CA94}"
	ProjectSection(ProjectDependencies) = postProject
		{77BC2A37-197F-4291-B279-F8434B0C3F8D} = {77BC2A37-197F-4291-B279-F8434B0C3F8D}
	EndProjectSection
EndProject
Project("{2150E333-8FDC-42A3-9474-1A3956D46DE8}") = "Data", "Data", "{86F6CBD9-F26B-4E2E-90C1-CFD6872EC766}"
EndProject
Project("{2150E333-8FDC-42A3-9474-1A3956D46DE8}") = "UI", "UI", "{1729B747-0E22-4A9F-9F34-23EC3CCBB1F9}"
EndProject
Project("{2150E333-8FDC-42A3-9474-1A3956D46DE8}") = "Util", "Util", "{237439E5-3A00-4DF8-9D93-03653BFF88D8}"
EndProject
Project("{FAE04EC0-301F-11D3-BF4B-00C04F79EFBC}") = "Dados", "..\Dados\Dados.csproj", "{194282B0-D343-4AFA-8A36-07188FEA245D}"
EndProject
Project("{FAE04EC0-301F-11D3-BF4B-00C04F79EFBC}") = "Dominio", "..\Dominio\Dominio.csproj", "{77BC2A37-197F-4291-B279-F8434B0C3F8D}"
EndProject
Project("{FAE04EC0-301F-11D3-BF4B-00C04F79EFBC}") = "Biblioteca", "..\Biblioteca\Biblioteca.csproj", "{80435870-5AAB-417A-9411-F9257B376DB2}"
EndProject
Global
	GlobalSection(SolutionConfigurationPlatforms) = preSolution
		Debug|Any CPU = Debug|Any CPU
		Release|Any CPU = Release|Any CPU
	EndGlobalSection
	GlobalSection(ProjectConfigurationPlatforms) = postSolution
		{6B74AAC8-2A03-4082-BB3F-32BE2238CA94}.Debug|Any CPU.ActiveCfg = Debug|Any CPU
		{6B74AAC8-2A03-4082-BB3F-32BE2238CA94}.Debug|Any CPU.Build.0 = Debug|Any CPU
		{6B74AAC8-2A03-4082-BB3F-32BE2238CA94}.Release|Any CPU.ActiveCfg = Release|Any CPU
		{6B74AAC8-2A03-4082-BB3F-32BE2238CA94}.Release|Any CPU.Build.0 = Release|Any CPU
		{194282B0-D343-4AFA-8A36-07188FEA245D}.Debug|Any CPU.ActiveCfg = Debug|Any CPU
		{194282B0-D343-4AFA-8A36-07188FEA245D}.Debug|Any CPU.Build.0 = Debug|Any CPU
		{194282B0-D343-4AFA-8A36-07188FEA245D}.Release|Any CPU.ActiveCfg = Release|Any CPU
		{194282B0-D343-4AFA-8A36-07188FEA245D}.Release|Any CPU.Build.0 = Release|Any CPU
		{77BC2A37-197F-4291-B279-F8434B0C3F8D}.Debug|Any CPU.ActiveCfg = Debug|Any CPU
		{77BC2A37-197F-4291-B279-F8434B0C3F8D}.Debug|Any CPU.Build.0 = Debug|Any CPU
		{77BC2A37-197F-4291-B279-F8434B0C3F8D}.Release|Any CPU.ActiveCfg = Release|Any CPU
		{77BC2A37-197F-4291-B279-F8434B0C3F8D}.Release|Any CPU.Build.0 = Release|Any CPU
		{80435870-5AAB-417A-9411-F9257B376DB2}.Debug|Any CPU.ActiveCfg = Debug|Any CPU
		{80435870-5AAB-417A-9411-F9257B376DB2}.Debug|Any CPU.Build.0 = Debug|Any CPU
		{80435870-5AAB-417A-9411-F9257B376DB2}.Release|Any CPU.ActiveCfg = Release|Any CPU
		{80435870-5AAB-417A-9411-F9257B376DB2}.Release|Any CPU.Build.0 = Release|Any CPU
	EndGlobalSection
	GlobalSection(SolutionProperties) = preSolution
		HideSolutionNode = FALSE
	EndGlobalSection
	GlobalSection(NestedProjects) = preSolution
		{6B74AAC8-2A03-4082-BB3F-32BE2238CA94} = {1729B747-0E22-4A9F-9F34-23EC3CCBB1F9}
		{194282B0-D343-4AFA-8A36-07188FEA245D} = {86F6CBD9-F26B-4E2E-90C1-CFD6872EC766}
		{77BC2A37-197F-4291-B279-F8434B0C3F8D} = {86F6CBD9-F26B-4E2E-90C1-CFD6872EC766}
		{80435870-5AAB-417A-9411-F9257B376DB2} = {237439E5-3A00-4DF8-9D93-03653BFF88D8}
	EndGlobalSection
	GlobalSection(ExtensibilityGlobals) = postSolution
		SolutionGuid = {4262545D-0D22-4254-9466-53040448126E}
	EndGlobalSection
EndGlobal
